// !$*UTF8*$!
{
	archiveVersion = 1;
	classes = {
	};
	objectVersion = 50;
	objects = {

/* Begin PBXBuildFile section */
		55490B9E256800BD007CAC8B /* Constants.swift in Sources */ = {isa = PBXBuildFile; fileRef = 55490B9D256800BD007CAC8B /* Constants.swift */; };
		55490BA225680A5E007CAC8B /* FeedlyWebWindowController.swift in Sources */ = {isa = PBXBuildFile; fileRef = 55490BA125680A5E007CAC8B /* FeedlyWebWindowController.swift */; };
		55490BA425680CD9007CAC8B /* FeedlyWebWindow.xib in Resources */ = {isa = PBXBuildFile; fileRef = 55490BA325680CD9007CAC8B /* FeedlyWebWindow.xib */; };
		55490BA925682940007CAC8B /* TokenResponse.swift in Sources */ = {isa = PBXBuildFile; fileRef = 55490BA825682940007CAC8B /* TokenResponse.swift */; };
		55490BAB25682D92007CAC8B /* DefaultsUtil.swift in Sources */ = {isa = PBXBuildFile; fileRef = 55490BAA25682D92007CAC8B /* DefaultsUtil.swift */; };
		55490BAF25683E3C007CAC8B /* FeedController.swift in Sources */ = {isa = PBXBuildFile; fileRef = 55490BAD25683E3C007CAC8B /* FeedController.swift */; };
		55490BB025683E3C007CAC8B /* FeedController.xib in Resources */ = {isa = PBXBuildFile; fileRef = 55490BAE25683E3C007CAC8B /* FeedController.xib */; };
		55490BB325684454007CAC8B /* FeedCell.swift in Sources */ = {isa = PBXBuildFile; fileRef = 55490BB225684454007CAC8B /* FeedCell.swift */; };
		55490BB62568B851007CAC8B /* FeedApi.swift in Sources */ = {isa = PBXBuildFile; fileRef = 55490BB52568B851007CAC8B /* FeedApi.swift */; };
		55490BB82568BE19007CAC8B /* CategoryResponse.swift in Sources */ = {isa = PBXBuildFile; fileRef = 55490BB72568BE19007CAC8B /* CategoryResponse.swift */; };
		55490BBA2568C04E007CAC8B /* ProfileResponse.swift in Sources */ = {isa = PBXBuildFile; fileRef = 55490BB92568C04E007CAC8B /* ProfileResponse.swift */; };
		55490BBC2568CFBE007CAC8B /* CountsResponse.swift in Sources */ = {isa = PBXBuildFile; fileRef = 55490BBB2568CFBE007CAC8B /* CountsResponse.swift */; };
		55490BBE2568CFC7007CAC8B /* StreamResponse.swift in Sources */ = {isa = PBXBuildFile; fileRef = 55490BBD2568CFC7007CAC8B /* StreamResponse.swift */; };
		55490BC1256BCC88007CAC8B /* FeedButton.swift in Sources */ = {isa = PBXBuildFile; fileRef = 55490BC0256BCC88007CAC8B /* FeedButton.swift */; };
		55490BC3256BD2A0007CAC8B /* FeedDataDelegate.swift in Sources */ = {isa = PBXBuildFile; fileRef = 55490BC2256BD2A0007CAC8B /* FeedDataDelegate.swift */; };
		55490BC5256BECD5007CAC8B /* Utils.swift in Sources */ = {isa = PBXBuildFile; fileRef = 55490BC4256BECD5007CAC8B /* Utils.swift */; };
		55490BC7256C06EA007CAC8B /* SettingsMenu.xib in Resources */ = {isa = PBXBuildFile; fileRef = 55490BC6256C06EA007CAC8B /* SettingsMenu.xib */; };
		55490BC9256C25A8007CAC8B /* AboutWindow.xib in Resources */ = {isa = PBXBuildFile; fileRef = 55490BC8256C25A8007CAC8B /* AboutWindow.xib */; };
		55490BCB256C2609007CAC8B /* AboutWindowController.swift in Sources */ = {isa = PBXBuildFile; fileRef = 55490BCA256C2609007CAC8B /* AboutWindowController.swift */; };
		55490BCD256E1063007CAC8B /* GeneralPreferences.xib in Resources */ = {isa = PBXBuildFile; fileRef = 55490BCC256E1063007CAC8B /* GeneralPreferences.xib */; };
		55490BCF256E1094007CAC8B /* AdvancedPreferences.xib in Resources */ = {isa = PBXBuildFile; fileRef = 55490BCE256E1094007CAC8B /* AdvancedPreferences.xib */; };
		55490BD1256E14F0007CAC8B /* GeneralPreferencesViewController.swift in Sources */ = {isa = PBXBuildFile; fileRef = 55490BD0256E14F0007CAC8B /* GeneralPreferencesViewController.swift */; };
		55490BD3256E1594007CAC8B /* AdvancedPreferencesViewController.swift in Sources */ = {isa = PBXBuildFile; fileRef = 55490BD2256E1594007CAC8B /* AdvancedPreferencesViewController.swift */; };
		55490BD5256E1946007CAC8B /* PreferencesWindowController.swift in Sources */ = {isa = PBXBuildFile; fileRef = 55490BD4256E1946007CAC8B /* PreferencesWindowController.swift */; };
		55490BD7256E19A0007CAC8B /* PreferencesWindowControllerProtocol.swift in Sources */ = {isa = PBXBuildFile; fileRef = 55490BD6256E19A0007CAC8B /* PreferencesWindowControllerProtocol.swift */; };
		55490BD92573F682007CAC8B /* ErrorResponse.swift in Sources */ = {isa = PBXBuildFile; fileRef = 55490BD82573F682007CAC8B /* ErrorResponse.swift */; };
		55490BDB2573F8C9007CAC8B /* RefreshTokenResponse.swift in Sources */ = {isa = PBXBuildFile; fileRef = 55490BDA2573F8C9007CAC8B /* RefreshTokenResponse.swift */; };
		55DA12822565A05C00F3A490 /* AppDelegate.swift in Sources */ = {isa = PBXBuildFile; fileRef = 55DA12812565A05C00F3A490 /* AppDelegate.swift */; };
		55DA12842565A05E00F3A490 /* Assets.xcassets in Resources */ = {isa = PBXBuildFile; fileRef = 55DA12832565A05E00F3A490 /* Assets.xcassets */; };
		55DA12872565A05E00F3A490 /* MainMenu.xib in Resources */ = {isa = PBXBuildFile; fileRef = 55DA12852565A05E00F3A490 /* MainMenu.xib */; };
/* End PBXBuildFile section */

/* Begin PBXFileReference section */
		55490B9D256800BD007CAC8B /* Constants.swift */ = {isa = PBXFileReference; lastKnownFileType = sourcecode.swift; path = Constants.swift; sourceTree = "<group>"; };
		55490BA125680A5E007CAC8B /* FeedlyWebWindowController.swift */ = {isa = PBXFileReference; lastKnownFileType = sourcecode.swift; path = FeedlyWebWindowController.swift; sourceTree = "<group>"; };
		55490BA325680CD9007CAC8B /* FeedlyWebWindow.xib */ = {isa = PBXFileReference; lastKnownFileType = file.xib; path = FeedlyWebWindow.xib; sourceTree = "<group>"; };
		55490BA825682940007CAC8B /* TokenResponse.swift */ = {isa = PBXFileReference; lastKnownFileType = sourcecode.swift; path = TokenResponse.swift; sourceTree = "<group>"; };
		55490BAA25682D92007CAC8B /* DefaultsUtil.swift */ = {isa = PBXFileReference; lastKnownFileType = sourcecode.swift; path = DefaultsUtil.swift; sourceTree = "<group>"; };
		55490BAD25683E3C007CAC8B /* FeedController.swift */ = {isa = PBXFileReference; lastKnownFileType = sourcecode.swift; path = FeedController.swift; sourceTree = "<group>"; };
		55490BAE25683E3C007CAC8B /* FeedController.xib */ = {isa = PBXFileReference; lastKnownFileType = file.xib; path = FeedController.xib; sourceTree = "<group>"; };
		55490BB225684454007CAC8B /* FeedCell.swift */ = {isa = PBXFileReference; lastKnownFileType = sourcecode.swift; path = FeedCell.swift; sourceTree = "<group>"; };
		55490BB52568B851007CAC8B /* FeedApi.swift */ = {isa = PBXFileReference; lastKnownFileType = sourcecode.swift; path = FeedApi.swift; sourceTree = "<group>"; };
		55490BB72568BE19007CAC8B /* CategoryResponse.swift */ = {isa = PBXFileReference; lastKnownFileType = sourcecode.swift; path = CategoryResponse.swift; sourceTree = "<group>"; };
		55490BB92568C04E007CAC8B /* ProfileResponse.swift */ = {isa = PBXFileReference; lastKnownFileType = sourcecode.swift; path = ProfileResponse.swift; sourceTree = "<group>"; };
		55490BBB2568CFBE007CAC8B /* CountsResponse.swift */ = {isa = PBXFileReference; lastKnownFileType = sourcecode.swift; path = CountsResponse.swift; sourceTree = "<group>"; };
		55490BBD2568CFC7007CAC8B /* StreamResponse.swift */ = {isa = PBXFileReference; lastKnownFileType = sourcecode.swift; path = StreamResponse.swift; sourceTree = "<group>"; };
		55490BC0256BCC88007CAC8B /* FeedButton.swift */ = {isa = PBXFileReference; lastKnownFileType = sourcecode.swift; path = FeedButton.swift; sourceTree = "<group>"; };
		55490BC2256BD2A0007CAC8B /* FeedDataDelegate.swift */ = {isa = PBXFileReference; lastKnownFileType = sourcecode.swift; path = FeedDataDelegate.swift; sourceTree = "<group>"; };
		55490BC4256BECD5007CAC8B /* Utils.swift */ = {isa = PBXFileReference; lastKnownFileType = sourcecode.swift; path = Utils.swift; sourceTree = "<group>"; };
		55490BC6256C06EA007CAC8B /* SettingsMenu.xib */ = {isa = PBXFileReference; lastKnownFileType = file.xib; path = SettingsMenu.xib; sourceTree = "<group>"; };
		55490BC8256C25A8007CAC8B /* AboutWindow.xib */ = {isa = PBXFileReference; fileEncoding = 4; lastKnownFileType = file.xib; path = AboutWindow.xib; sourceTree = "<group>"; };
		55490BCA256C2609007CAC8B /* AboutWindowController.swift */ = {isa = PBXFileReference; fileEncoding = 4; lastKnownFileType = sourcecode.swift; path = AboutWindowController.swift; sourceTree = "<group>"; };
		55490BCC256E1063007CAC8B /* GeneralPreferences.xib */ = {isa = PBXFileReference; lastKnownFileType = file.xib; path = GeneralPreferences.xib; sourceTree = "<group>"; };
		55490BCE256E1094007CAC8B /* AdvancedPreferences.xib */ = {isa = PBXFileReference; lastKnownFileType = file.xib; path = AdvancedPreferences.xib; sourceTree = "<group>"; };
		55490BD0256E14F0007CAC8B /* GeneralPreferencesViewController.swift */ = {isa = PBXFileReference; lastKnownFileType = sourcecode.swift; path = GeneralPreferencesViewController.swift; sourceTree = "<group>"; };
		55490BD2256E1594007CAC8B /* AdvancedPreferencesViewController.swift */ = {isa = PBXFileReference; lastKnownFileType = sourcecode.swift; path = AdvancedPreferencesViewController.swift; sourceTree = "<group>"; };
		55490BD4256E1946007CAC8B /* PreferencesWindowController.swift */ = {isa = PBXFileReference; lastKnownFileType = sourcecode.swift; path = PreferencesWindowController.swift; sourceTree = "<group>"; };
		55490BD6256E19A0007CAC8B /* PreferencesWindowControllerProtocol.swift */ = {isa = PBXFileReference; lastKnownFileType = sourcecode.swift; path = PreferencesWindowControllerProtocol.swift; sourceTree = "<group>"; };
		55490BD82573F682007CAC8B /* ErrorResponse.swift */ = {isa = PBXFileReference; lastKnownFileType = sourcecode.swift; path = ErrorResponse.swift; sourceTree = "<group>"; };
		55490BDA2573F8C9007CAC8B /* RefreshTokenResponse.swift */ = {isa = PBXFileReference; lastKnownFileType = sourcecode.swift; path = RefreshTokenResponse.swift; sourceTree = "<group>"; };
		55DA127E2565A05C00F3A490 /* Feedly Notifier.app */ = {isa = PBXFileReference; explicitFileType = wrapper.application; includeInIndex = 0; path = "Feedly Notifier.app"; sourceTree = BUILT_PRODUCTS_DIR; };
		55DA12812565A05C00F3A490 /* AppDelegate.swift */ = {isa = PBXFileReference; lastKnownFileType = sourcecode.swift; path = AppDelegate.swift; sourceTree = "<group>"; };
		55DA12832565A05E00F3A490 /* Assets.xcassets */ = {isa = PBXFileReference; lastKnownFileType = folder.assetcatalog; path = Assets.xcassets; sourceTree = "<group>"; };
		55DA12862565A05E00F3A490 /* Base */ = {isa = PBXFileReference; lastKnownFileType = file.xib; name = Base; path = Base.lproj/MainMenu.xib; sourceTree = "<group>"; };
		55DA12882565A05E00F3A490 /* Info.plist */ = {isa = PBXFileReference; lastKnownFileType = text.plist.xml; path = Info.plist; sourceTree = "<group>"; };
		55DA12892565A05E00F3A490 /* Feedly_Notifier.entitlements */ = {isa = PBXFileReference; lastKnownFileType = text.plist.entitlements; path = Feedly_Notifier.entitlements; sourceTree = "<group>"; };
/* End PBXFileReference section */

/* Begin PBXFrameworksBuildPhase section */
		55DA127B2565A05C00F3A490 /* Frameworks */ = {
			isa = PBXFrameworksBuildPhase;
			buildActionMask = 2147483647;
			files = (
			);
			runOnlyForDeploymentPostprocessing = 0;
		};
/* End PBXFrameworksBuildPhase section */

/* Begin PBXGroup section */
		55490BA5256828B8007CAC8B /* Webview */ = {
			isa = PBXGroup;
			children = (
				55490BA125680A5E007CAC8B /* FeedlyWebWindowController.swift */,
				55490BA325680CD9007CAC8B /* FeedlyWebWindow.xib */,
			);
			path = Webview;
			sourceTree = "<group>";
		};
		55490BA6256828E1007CAC8B /* Preferences */ = {
			isa = PBXGroup;
			children = (
				55490BCA256C2609007CAC8B /* AboutWindowController.swift */,
				55490BC8256C25A8007CAC8B /* AboutWindow.xib */,
				55490BC6256C06EA007CAC8B /* SettingsMenu.xib */,
				55490BCC256E1063007CAC8B /* GeneralPreferences.xib */,
				55490BCE256E1094007CAC8B /* AdvancedPreferences.xib */,
				55490BD0256E14F0007CAC8B /* GeneralPreferencesViewController.swift */,
				55490BD2256E1594007CAC8B /* AdvancedPreferencesViewController.swift */,
				55490BD4256E1946007CAC8B /* PreferencesWindowController.swift */,
				55490BD6256E19A0007CAC8B /* PreferencesWindowControllerProtocol.swift */,
			);
			path = Preferences;
			sourceTree = "<group>";
		};
		55490BA725682928007CAC8B /* Response */ = {
			isa = PBXGroup;
			children = (
				55490BA825682940007CAC8B /* TokenResponse.swift */,
				55490BB72568BE19007CAC8B /* CategoryResponse.swift */,
				55490BB92568C04E007CAC8B /* ProfileResponse.swift */,
				55490BBB2568CFBE007CAC8B /* CountsResponse.swift */,
				55490BBD2568CFC7007CAC8B /* StreamResponse.swift */,
				55490BD82573F682007CAC8B /* ErrorResponse.swift */,
				55490BDA2573F8C9007CAC8B /* RefreshTokenResponse.swift */,
			);
			path = Response;
			sourceTree = "<group>";
		};
		55490BAC25683DFA007CAC8B /* Feed */ = {
			isa = PBXGroup;
			children = (
				55490BAD25683E3C007CAC8B /* FeedController.swift */,
				55490BAE25683E3C007CAC8B /* FeedController.xib */,
				55490BB225684454007CAC8B /* FeedCell.swift */,
				55490BC2256BD2A0007CAC8B /* FeedDataDelegate.swift */,
			);
			path = Feed;
			sourceTree = "<group>";
		};
		55490BB42568B832007CAC8B /* Api */ = {
			isa = PBXGroup;
			children = (
				55490BB52568B851007CAC8B /* FeedApi.swift */,
			);
			path = Api;
			sourceTree = "<group>";
		};
		55490BBF256BCC72007CAC8B /* Common */ = {
			isa = PBXGroup;
			children = (
				55490BC0256BCC88007CAC8B /* FeedButton.swift */,
				55490BC4256BECD5007CAC8B /* Utils.swift */,
			);
			path = Common;
			sourceTree = "<group>";
		};
		55DA12752565A05C00F3A490 = {
			isa = PBXGroup;
			children = (
				55DA12802565A05C00F3A490 /* Feedly Notifier */,
				55DA127F2565A05C00F3A490 /* Products */,
			);
			sourceTree = "<group>";
		};
		55DA127F2565A05C00F3A490 /* Products */ = {
			isa = PBXGroup;
			children = (
				55DA127E2565A05C00F3A490 /* Feedly Notifier.app */,
			);
			name = Products;
			sourceTree = "<group>";
		};
		55DA12802565A05C00F3A490 /* Feedly Notifier */ = {
			isa = PBXGroup;
			children = (
				55490BBF256BCC72007CAC8B /* Common */,
				55490BB42568B832007CAC8B /* Api */,
				55490BAC25683DFA007CAC8B /* Feed */,
				55490BA725682928007CAC8B /* Response */,
				55490BA6256828E1007CAC8B /* Preferences */,
				55490BA5256828B8007CAC8B /* Webview */,
				55DA12852565A05E00F3A490 /* MainMenu.xib */,
				55DA12812565A05C00F3A490 /* AppDelegate.swift */,
				55DA12832565A05E00F3A490 /* Assets.xcassets */,
				55DA12882565A05E00F3A490 /* Info.plist */,
				55DA12892565A05E00F3A490 /* Feedly_Notifier.entitlements */,
				55490B9D256800BD007CAC8B /* Constants.swift */,
				55490BAA25682D92007CAC8B /* DefaultsUtil.swift */,
			);
			path = "Feedly Notifier";
			sourceTree = "<group>";
		};
/* End PBXGroup section */

/* Begin PBXNativeTarget section */
		55DA127D2565A05C00F3A490 /* Feedly Notifier */ = {
			isa = PBXNativeTarget;
			buildConfigurationList = 55DA128C2565A05E00F3A490 /* Build configuration list for PBXNativeTarget "Feedly Notifier" */;
			buildPhases = (
				55DA127A2565A05C00F3A490 /* Sources */,
				55DA127B2565A05C00F3A490 /* Frameworks */,
				55DA127C2565A05C00F3A490 /* Resources */,
			);
			buildRules = (
			);
			dependencies = (
			);
			name = "Feedly Notifier";
			productName = "Feedly Notifier";
			productReference = 55DA127E2565A05C00F3A490 /* Feedly Notifier.app */;
			productType = "com.apple.product-type.application";
		};
/* End PBXNativeTarget section */

/* Begin PBXProject section */
		55DA12762565A05C00F3A490 /* Project object */ = {
			isa = PBXProject;
			attributes = {
				LastSwiftUpdateCheck = 1130;
				LastUpgradeCheck = 1130;
				ORGANIZATIONNAME = "Madhur Ahuja";
				TargetAttributes = {
					55DA127D2565A05C00F3A490 = {
						CreatedOnToolsVersion = 11.3.1;
					};
				};
			};
			buildConfigurationList = 55DA12792565A05C00F3A490 /* Build configuration list for PBXProject "Feedly Notifier" */;
			compatibilityVersion = "Xcode 9.3";
			developmentRegion = en;
			hasScannedForEncodings = 0;
			knownRegions = (
				en,
				Base,
			);
			mainGroup = 55DA12752565A05C00F3A490;
			productRefGroup = 55DA127F2565A05C00F3A490 /* Products */;
			projectDirPath = "";
			projectRoot = "";
			targets = (
				55DA127D2565A05C00F3A490 /* Feedly Notifier */,
			);
		};
/* End PBXProject section */

/* Begin PBXResourcesBuildPhase section */
		55DA127C2565A05C00F3A490 /* Resources */ = {
			isa = PBXResourcesBuildPhase;
			buildActionMask = 2147483647;
			files = (
				55490BCF256E1094007CAC8B /* AdvancedPreferences.xib in Resources */,
				55490BCD256E1063007CAC8B /* GeneralPreferences.xib in Resources */,
				55DA12842565A05E00F3A490 /* Assets.xcassets in Resources */,
				55490BA425680CD9007CAC8B /* FeedlyWebWindow.xib in Resources */,
				55DA12872565A05E00F3A490 /* MainMenu.xib in Resources */,
				55490BC9256C25A8007CAC8B /* AboutWindow.xib in Resources */,
				55490BC7256C06EA007CAC8B /* SettingsMenu.xib in Resources */,
				55490BB025683E3C007CAC8B /* FeedController.xib in Resources */,
			);
			runOnlyForDeploymentPostprocessing = 0;
		};
/* End PBXResourcesBuildPhase section */

/* Begin PBXSourcesBuildPhase section */
		55DA127A2565A05C00F3A490 /* Sources */ = {
			isa = PBXSourcesBuildPhase;
			buildActionMask = 2147483647;
			files = (
				55DA12822565A05C00F3A490 /* AppDelegate.swift in Sources */,
				55490BC1256BCC88007CAC8B /* FeedButton.swift in Sources */,
				55490BD7256E19A0007CAC8B /* PreferencesWindowControllerProtocol.swift in Sources */,
				55490BBC2568CFBE007CAC8B /* CountsResponse.swift in Sources */,
				55490BD1256E14F0007CAC8B /* GeneralPreferencesViewController.swift in Sources */,
				55490BBA2568C04E007CAC8B /* ProfileResponse.swift in Sources */,
				55490BD92573F682007CAC8B /* ErrorResponse.swift in Sources */,
				55490BC3256BD2A0007CAC8B /* FeedDataDelegate.swift in Sources */,
				55490BD5256E1946007CAC8B /* PreferencesWindowController.swift in Sources */,
				55490BC5256BECD5007CAC8B /* Utils.swift in Sources */,
				55490BB82568BE19007CAC8B /* CategoryResponse.swift in Sources */,
				55490BB62568B851007CAC8B /* FeedApi.swift in Sources */,
				55490BA225680A5E007CAC8B /* FeedlyWebWindowController.swift in Sources */,
				55490B9E256800BD007CAC8B /* Constants.swift in Sources */,
				55490BDB2573F8C9007CAC8B /* RefreshTokenResponse.swift in Sources */,
				55490BD3256E1594007CAC8B /* AdvancedPreferencesViewController.swift in Sources */,
				55490BA925682940007CAC8B /* TokenResponse.swift in Sources */,
				55490BB325684454007CAC8B /* FeedCell.swift in Sources */,
				55490BAB25682D92007CAC8B /* DefaultsUtil.swift in Sources */,
				55490BCB256C2609007CAC8B /* AboutWindowController.swift in Sources */,
				55490BBE2568CFC7007CAC8B /* StreamResponse.swift in Sources */,
				55490BAF25683E3C007CAC8B /* FeedController.swift in Sources */,
			);
			runOnlyForDeploymentPostprocessing = 0;
		};
/* End PBXSourcesBuildPhase section */

/* Begin PBXVariantGroup section */
		55DA12852565A05E00F3A490 /* MainMenu.xib */ = {
			isa = PBXVariantGroup;
			children = (
				55DA12862565A05E00F3A490 /* Base */,
			);
			name = MainMenu.xib;
			sourceTree = "<group>";
		};
/* End PBXVariantGroup section */

/* Begin XCBuildConfiguration section */
		55DA128A2565A05E00F3A490 /* Debug */ = {
			isa = XCBuildConfiguration;
			buildSettings = {
				ALWAYS_SEARCH_USER_PATHS = NO;
				CLANG_ANALYZER_NONNULL = YES;
				CLANG_ANALYZER_NUMBER_OBJECT_CONVERSION = YES_AGGRESSIVE;
				CLANG_CXX_LANGUAGE_STANDARD = "gnu++14";
				CLANG_CXX_LIBRARY = "libc++";
				CLANG_ENABLE_MODULES = YES;
				CLANG_ENABLE_OBJC_ARC = YES;
				CLANG_ENABLE_OBJC_WEAK = YES;
				CLANG_WARN_BLOCK_CAPTURE_AUTORELEASING = YES;
				CLANG_WARN_BOOL_CONVERSION = YES;
				CLANG_WARN_COMMA = YES;
				CLANG_WARN_CONSTANT_CONVERSION = YES;
				CLANG_WARN_DEPRECATED_OBJC_IMPLEMENTATIONS = YES;
				CLANG_WARN_DIRECT_OBJC_ISA_USAGE = YES_ERROR;
				CLANG_WARN_DOCUMENTATION_COMMENTS = YES;
				CLANG_WARN_EMPTY_BODY = YES;
				CLANG_WARN_ENUM_CONVERSION = YES;
				CLANG_WARN_INFINITE_RECURSION = YES;
				CLANG_WARN_INT_CONVERSION = YES;
				CLANG_WARN_NON_LITERAL_NULL_CONVERSION = YES;
				CLANG_WARN_OBJC_IMPLICIT_RETAIN_SELF = YES;
				CLANG_WARN_OBJC_LITERAL_CONVERSION = YES;
				CLANG_WARN_OBJC_ROOT_CLASS = YES_ERROR;
				CLANG_WARN_RANGE_LOOP_ANALYSIS = YES;
				CLANG_WARN_STRICT_PROTOTYPES = YES;
				CLANG_WARN_SUSPICIOUS_MOVE = YES;
				CLANG_WARN_UNGUARDED_AVAILABILITY = YES_AGGRESSIVE;
				CLANG_WARN_UNREACHABLE_CODE = YES;
				CLANG_WARN__DUPLICATE_METHOD_MATCH = YES;
				COPY_PHASE_STRIP = NO;
				DEBUG_INFORMATION_FORMAT = dwarf;
				ENABLE_STRICT_OBJC_MSGSEND = YES;
				ENABLE_TESTABILITY = YES;
				GCC_C_LANGUAGE_STANDARD = gnu11;
				GCC_DYNAMIC_NO_PIC = NO;
				GCC_NO_COMMON_BLOCKS = YES;
				GCC_OPTIMIZATION_LEVEL = 0;
				GCC_PREPROCESSOR_DEFINITIONS = (
					"DEBUG=1",
					"$(inherited)",
				);
				GCC_WARN_64_TO_32_BIT_CONVERSION = YES;
				GCC_WARN_ABOUT_RETURN_TYPE = YES_ERROR;
				GCC_WARN_UNDECLARED_SELECTOR = YES;
				GCC_WARN_UNINITIALIZED_AUTOS = YES_AGGRESSIVE;
				GCC_WARN_UNUSED_FUNCTION = YES;
				GCC_WARN_UNUSED_VARIABLE = YES;
				MACOSX_DEPLOYMENT_TARGET = 10.14;
				MTL_ENABLE_DEBUG_INFO = INCLUDE_SOURCE;
				MTL_FAST_MATH = YES;
				ONLY_ACTIVE_ARCH = YES;
				SDKROOT = macosx;
				SWIFT_ACTIVE_COMPILATION_CONDITIONS = DEBUG;
				SWIFT_OPTIMIZATION_LEVEL = "-Onone";
			};
			name = Debug;
		};
		55DA128B2565A05E00F3A490 /* Release */ = {
			isa = XCBuildConfiguration;
			buildSettings = {
				ALWAYS_SEARCH_USER_PATHS = NO;
				CLANG_ANALYZER_NONNULL = YES;
				CLANG_ANALYZER_NUMBER_OBJECT_CONVERSION = YES_AGGRESSIVE;
				CLANG_CXX_LANGUAGE_STANDARD = "gnu++14";
				CLANG_CXX_LIBRARY = "libc++";
				CLANG_ENABLE_MODULES = YES;
				CLANG_ENABLE_OBJC_ARC = YES;
				CLANG_ENABLE_OBJC_WEAK = YES;
				CLANG_WARN_BLOCK_CAPTURE_AUTORELEASING = YES;
				CLANG_WARN_BOOL_CONVERSION = YES;
				CLANG_WARN_COMMA = YES;
				CLANG_WARN_CONSTANT_CONVERSION = YES;
				CLANG_WARN_DEPRECATED_OBJC_IMPLEMENTATIONS = YES;
				CLANG_WARN_DIRECT_OBJC_ISA_USAGE = YES_ERROR;
				CLANG_WARN_DOCUMENTATION_COMMENTS = YES;
				CLANG_WARN_EMPTY_BODY = YES;
				CLANG_WARN_ENUM_CONVERSION = YES;
				CLANG_WARN_INFINITE_RECURSION = YES;
				CLANG_WARN_INT_CONVERSION = YES;
				CLANG_WARN_NON_LITERAL_NULL_CONVERSION = YES;
				CLANG_WARN_OBJC_IMPLICIT_RETAIN_SELF = YES;
				CLANG_WARN_OBJC_LITERAL_CONVERSION = YES;
				CLANG_WARN_OBJC_ROOT_CLASS = YES_ERROR;
				CLANG_WARN_RANGE_LOOP_ANALYSIS = YES;
				CLANG_WARN_STRICT_PROTOTYPES = YES;
				CLANG_WARN_SUSPICIOUS_MOVE = YES;
				CLANG_WARN_UNGUARDED_AVAILABILITY = YES_AGGRESSIVE;
				CLANG_WARN_UNREACHABLE_CODE = YES;
				CLANG_WARN__DUPLICATE_METHOD_MATCH = YES;
				COPY_PHASE_STRIP = NO;
				DEBUG_INFORMATION_FORMAT = "dwarf-with-dsym";
				ENABLE_NS_ASSERTIONS = NO;
				ENABLE_STRICT_OBJC_MSGSEND = YES;
				GCC_C_LANGUAGE_STANDARD = gnu11;
				GCC_NO_COMMON_BLOCKS = YES;
				GCC_WARN_64_TO_32_BIT_CONVERSION = YES;
				GCC_WARN_ABOUT_RETURN_TYPE = YES_ERROR;
				GCC_WARN_UNDECLARED_SELECTOR = YES;
				GCC_WARN_UNINITIALIZED_AUTOS = YES_AGGRESSIVE;
				GCC_WARN_UNUSED_FUNCTION = YES;
				GCC_WARN_UNUSED_VARIABLE = YES;
				MACOSX_DEPLOYMENT_TARGET = 10.14;
				MTL_ENABLE_DEBUG_INFO = NO;
				MTL_FAST_MATH = YES;
				SDKROOT = macosx;
				SWIFT_COMPILATION_MODE = wholemodule;
				SWIFT_OPTIMIZATION_LEVEL = "-O";
			};
			name = Release;
		};
		55DA128D2565A05E00F3A490 /* Debug */ = {
			isa = XCBuildConfiguration;
			buildSettings = {
				ASSETCATALOG_COMPILER_APPICON_NAME = AppIcon;
				CODE_SIGN_ENTITLEMENTS = "Feedly Notifier/Feedly_Notifier.entitlements";
				CODE_SIGN_STYLE = Automatic;
				COMBINE_HIDPI_IMAGES = YES;
				DEVELOPMENT_TEAM = P6G2L65WY6;
				ENABLE_HARDENED_RUNTIME = YES;
				INFOPLIST_FILE = "Feedly Notifier/Info.plist";
				LD_RUNPATH_SEARCH_PATHS = (
					"$(inherited)",
					"@executable_path/../Frameworks",
				);
				PRODUCT_BUNDLE_IDENTIFIER = "in.co.madhur.Feedly-Notifier";
				PRODUCT_NAME = "$(TARGET_NAME)";
				SWIFT_VERSION = 5.0;
			};
			name = Debug;
		};
		55DA128E2565A05E00F3A490 /* Release */ = {
			isa = XCBuildConfiguration;
			buildSettings = {
				ASSETCATALOG_COMPILER_APPICON_NAME = AppIcon;
				CODE_SIGN_ENTITLEMENTS = "Feedly Notifier/Feedly_Notifier.entitlements";
				CODE_SIGN_STYLE = Automatic;
				COMBINE_HIDPI_IMAGES = YES;
				DEVELOPMENT_TEAM = P6G2L65WY6;
				ENABLE_HARDENED_RUNTIME = YES;
				INFOPLIST_FILE = "Feedly Notifier/Info.plist";
				LD_RUNPATH_SEARCH_PATHS = (
					"$(inherited)",
					"@executable_path/../Frameworks",
				);
				PRODUCT_BUNDLE_IDENTIFIER = "in.co.madhur.Feedly-Notifier";
				PRODUCT_NAME = "$(TARGET_NAME)";
				SWIFT_VERSION = 5.0;
			};
			name = Release;
		};
/* End XCBuildConfiguration section */

/* Begin XCConfigurationList section */
		55DA12792565A05C00F3A490 /* Build configuration list for PBXProject "Feedly Notifier" */ = {
			isa = XCConfigurationList;
			buildConfigurations = (
				55DA128A2565A05E00F3A490 /* Debug */,
				55DA128B2565A05E00F3A490 /* Release */,
			);
			defaultConfigurationIsVisible = 0;
			defaultConfigurationName = Release;
		};
		55DA128C2565A05E00F3A490 /* Build configuration list for PBXNativeTarget "Feedly Notifier" */ = {
			isa = XCConfigurationList;
			buildConfigurations = (
				55DA128D2565A05E00F3A490 /* Debug */,
				55DA128E2565A05E00F3A490 /* Release */,
			);
			defaultConfigurationIsVisible = 0;
			defaultConfigurationName = Release;
		};
/* End XCConfigurationList section */
	};
	rootObject = 55DA12762565A05C00F3A490 /* Project object */;
}
